
Microsoft Visual Studio Solution File, Format Version 12.00
# Visual Studio Version 16
VisualStudioVersion = 16.0.31729.503
MinimumVisualStudioVersion = 10.0.40219.1
Project("{FAE04EC0-301F-11D3-BF4B-00C04F79EFBC}") = "KubeTest.Services.Bicycle", "KubeTest.Services.Bicycle\KubeTest.Services.Bicycle.csproj", "{C0F8B29B-0702-41DF-9661-AB6990F9116D}"
EndProject
Project("{FAE04EC0-301F-11D3-BF4B-00C04F79EFBC}") = "KubeTest.Services.Vehicle", "KubeTest.Services.Vehicle\KubeTest.Services.Vehicle.csproj", "{E46A2D0F-B986-4826-8DE0-6AC3FD682ED1}"
EndProject
Global
	GlobalSection(SolutionConfigurationPlatforms) = preSolution
		Debug|Any CPU = Debug|Any CPU
		Release|Any CPU = Release|Any CPU
	EndGlobalSection
	GlobalSection(ProjectConfigurationPlatforms) = postSolution
		{C0F8B29B-0702-41DF-9661-AB6990F9116D}.Debug|Any CPU.ActiveCfg = Debug|Any CPU
		{C0F8B29B-0702-41DF-9661-AB6990F9116D}.Debug|Any CPU.Build.0 = Debug|Any CPU
		{C0F8B29B-0702-41DF-9661-AB6990F9116D}.Release|Any CPU.ActiveCfg = Release|Any CPU
		{C0F8B29B-0702-41DF-9661-AB6990F9116D}.Release|Any CPU.Build.0 = Release|Any CPU
		{E46A2D0F-B986-4826-8DE0-6AC3FD682ED1}.Debug|Any CPU.ActiveCfg = Debug|Any CPU
		{E46A2D0F-B986-4826-8DE0-6AC3FD682ED1}.Debug|Any CPU.Build.0 = Debug|Any CPU
		{E46A2D0F-B986-4826-8DE0-6AC3FD682ED1}.Release|Any CPU.ActiveCfg = Release|Any CPU
		{E46A2D0F-B986-4826-8DE0-6AC3FD682ED1}.Release|Any CPU.Build.0 = Release|Any CPU
	EndGlobalSection
	GlobalSection(SolutionProperties) = preSolution
		HideSolutionNode = FALSE
	EndGlobalSection
	GlobalSection(ExtensibilityGlobals) = postSolution
		SolutionGuid = {51A4081C-E939-4586-B74B-FCEEC5672A03}
	EndGlobalSection
EndGlobal
